// !$*UTF8*$!
{
	archiveVersion = 1;
	classes = {
	};
	objectVersion = 46;
	objects = {

/* Begin PBXBuildFile section */
		175B083E771C041CF2AC0DC3 /* Pods_pokedex_by_Edward.framework in Frameworks */ = {isa = PBXBuildFile; fileRef = EA82940972D0FC9CEFC1EFC9 /* Pods_pokedex_by_Edward.framework */; };
		2B6B9C731CD882B9002323FB /* Pokemon.ttf in Resources */ = {isa = PBXBuildFile; fileRef = 2B6B9C721CD882B9002323FB /* Pokemon.ttf */; };
		2BD2E2261CE1D9E1003A61F4 /* music.mp3 in Resources */ = {isa = PBXBuildFile; fileRef = 2BD2E2251CE1D9E1003A61F4 /* music.mp3 */; };
		2BE326CA1D06BCF500E6D1AF /* Constants.swift in Sources */ = {isa = PBXBuildFile; fileRef = 2BE326C91D06BCF500E6D1AF /* Constants.swift */; };
		2BEDBEDC1CFD78BB003561A6 /* PokemonDetailVC.swift in Sources */ = {isa = PBXBuildFile; fileRef = 2BEDBEDB1CFD78BB003561A6 /* PokemonDetailVC.swift */; };
		EC8D3B6C1CD1E80E00B01391 /* AppDelegate.swift in Sources */ = {isa = PBXBuildFile; fileRef = EC8D3B6B1CD1E80E00B01391 /* AppDelegate.swift */; };
		EC8D3B6E1CD1E80E00B01391 /* ViewController.swift in Sources */ = {isa = PBXBuildFile; fileRef = EC8D3B6D1CD1E80E00B01391 /* ViewController.swift */; };
		EC8D3B711CD1E80E00B01391 /* Main.storyboard in Resources */ = {isa = PBXBuildFile; fileRef = EC8D3B6F1CD1E80E00B01391 /* Main.storyboard */; };
		EC8D3B731CD1E80E00B01391 /* Assets.xcassets in Resources */ = {isa = PBXBuildFile; fileRef = EC8D3B721CD1E80E00B01391 /* Assets.xcassets */; };
		EC8D3B761CD1E80E00B01391 /* LaunchScreen.storyboard in Resources */ = {isa = PBXBuildFile; fileRef = EC8D3B741CD1E80E00B01391 /* LaunchScreen.storyboard */; };
		EC8D3B7E1CD1EC4E00B01391 /* pokemon.csv in Resources */ = {isa = PBXBuildFile; fileRef = EC8D3B7D1CD1EC4E00B01391 /* pokemon.csv */; };
		EC8D3B811CD1ED4D00B01391 /* pokemon.swift in Sources */ = {isa = PBXBuildFile; fileRef = EC8D3B801CD1ED4D00B01391 /* pokemon.swift */; };
		EC8D3B841CD1FDB300B01391 /* pokeCell.swift in Sources */ = {isa = PBXBuildFile; fileRef = EC8D3B831CD1FDB300B01391 /* pokeCell.swift */; };
		EC8D3B861CD37B9F00B01391 /* csv.swift in Sources */ = {isa = PBXBuildFile; fileRef = EC8D3B851CD37B9F00B01391 /* csv.swift */; };
/* End PBXBuildFile section */

/* Begin PBXFileReference section */
		2B6B9C721CD882B9002323FB /* Pokemon.ttf */ = {isa = PBXFileReference; lastKnownFileType = file; path = Pokemon.ttf; sourceTree = "<group>"; };
		2BD2E2251CE1D9E1003A61F4 /* music.mp3 */ = {isa = PBXFileReference; lastKnownFileType = audio.mp3; path = music.mp3; sourceTree = "<group>"; };
		2BE326C91D06BCF500E6D1AF /* Constants.swift */ = {isa = PBXFileReference; fileEncoding = 4; lastKnownFileType = sourcecode.swift; path = Constants.swift; sourceTree = "<group>"; };
		2BEDBEDB1CFD78BB003561A6 /* PokemonDetailVC.swift */ = {isa = PBXFileReference; fileEncoding = 4; lastKnownFileType = sourcecode.swift; path = PokemonDetailVC.swift; sourceTree = "<group>"; };
		9962E8CAC82B3F0C2E42DB0C /* Pods-pokedex-by-Edward.debug.xcconfig */ = {isa = PBXFileReference; includeInIndex = 1; lastKnownFileType = text.xcconfig; name = "Pods-pokedex-by-Edward.debug.xcconfig"; path = "Pods/Target Support Files/Pods-pokedex-by-Edward/Pods-pokedex-by-Edward.debug.xcconfig"; sourceTree = "<group>"; };
		D87B51A8908325E3527C0B2F /* Pods-pokedex-by-Edward.release.xcconfig */ = {isa = PBXFileReference; includeInIndex = 1; lastKnownFileType = text.xcconfig; name = "Pods-pokedex-by-Edward.release.xcconfig"; path = "Pods/Target Support Files/Pods-pokedex-by-Edward/Pods-pokedex-by-Edward.release.xcconfig"; sourceTree = "<group>"; };
		EA82940972D0FC9CEFC1EFC9 /* Pods_pokedex_by_Edward.framework */ = {isa = PBXFileReference; explicitFileType = wrapper.framework; includeInIndex = 0; path = Pods_pokedex_by_Edward.framework; sourceTree = BUILT_PRODUCTS_DIR; };
		EC8D3B681CD1E80E00B01391 /* pokedex-by-Edward.app */ = {isa = PBXFileReference; explicitFileType = wrapper.application; includeInIndex = 0; path = "pokedex-by-Edward.app"; sourceTree = BUILT_PRODUCTS_DIR; };
		EC8D3B6B1CD1E80E00B01391 /* AppDelegate.swift */ = {isa = PBXFileReference; lastKnownFileType = sourcecode.swift; path = AppDelegate.swift; sourceTree = "<group>"; };
		EC8D3B6D1CD1E80E00B01391 /* ViewController.swift */ = {isa = PBXFileReference; lastKnownFileType = sourcecode.swift; path = ViewController.swift; sourceTree = "<group>"; };
		EC8D3B701CD1E80E00B01391 /* Base */ = {isa = PBXFileReference; lastKnownFileType = file.storyboard; name = Base; path = Base.lproj/Main.storyboard; sourceTree = "<group>"; };
		EC8D3B721CD1E80E00B01391 /* Assets.xcassets */ = {isa = PBXFileReference; lastKnownFileType = folder.assetcatalog; path = Assets.xcassets; sourceTree = "<group>"; };
		EC8D3B751CD1E80E00B01391 /* Base */ = {isa = PBXFileReference; lastKnownFileType = file.storyboard; name = Base; path = Base.lproj/LaunchScreen.storyboard; sourceTree = "<group>"; };
		EC8D3B771CD1E80E00B01391 /* Info.plist */ = {isa = PBXFileReference; lastKnownFileType = text.plist.xml; path = Info.plist; sourceTree = "<group>"; };
		EC8D3B7D1CD1EC4E00B01391 /* pokemon.csv */ = {isa = PBXFileReference; fileEncoding = 4; lastKnownFileType = text; path = pokemon.csv; sourceTree = "<group>"; };
		EC8D3B801CD1ED4D00B01391 /* pokemon.swift */ = {isa = PBXFileReference; fileEncoding = 4; lastKnownFileType = sourcecode.swift; path = pokemon.swift; sourceTree = "<group>"; };
		EC8D3B831CD1FDB300B01391 /* pokeCell.swift */ = {isa = PBXFileReference; fileEncoding = 4; lastKnownFileType = sourcecode.swift; path = pokeCell.swift; sourceTree = "<group>"; };
		EC8D3B851CD37B9F00B01391 /* csv.swift */ = {isa = PBXFileReference; fileEncoding = 4; lastKnownFileType = sourcecode.swift; path = csv.swift; sourceTree = "<group>"; };
/* End PBXFileReference section */

/* Begin PBXFrameworksBuildPhase section */
		EC8D3B651CD1E80E00B01391 /* Frameworks */ = {
			isa = PBXFrameworksBuildPhase;
			buildActionMask = 2147483647;
			files = (
				175B083E771C041CF2AC0DC3 /* Pods_pokedex_by_Edward.framework in Frameworks */,
			);
			runOnlyForDeploymentPostprocessing = 0;
		};
/* End PBXFrameworksBuildPhase section */

/* Begin PBXGroup section */
		043DC86B32F76F202772F556 /* Frameworks */ = {
			isa = PBXGroup;
			children = (
				EA82940972D0FC9CEFC1EFC9 /* Pods_pokedex_by_Edward.framework */,
			);
			name = Frameworks;
			sourceTree = "<group>";
		};
		D87983D45E25B871D3B1D6B7 /* Pods */ = {
			isa = PBXGroup;
			children = (
				9962E8CAC82B3F0C2E42DB0C /* Pods-pokedex-by-Edward.debug.xcconfig */,
				D87B51A8908325E3527C0B2F /* Pods-pokedex-by-Edward.release.xcconfig */,
			);
			name = Pods;
			sourceTree = "<group>";
		};
		EC8D3B5F1CD1E80E00B01391 = {
			isa = PBXGroup;
			children = (
				EC8D3B6A1CD1E80E00B01391 /* pokedex-by-Edward */,
				EC8D3B691CD1E80E00B01391 /* Products */,
				2BD2E2251CE1D9E1003A61F4 /* music.mp3 */,
				D87983D45E25B871D3B1D6B7 /* Pods */,
				043DC86B32F76F202772F556 /* Frameworks */,
			);
			sourceTree = "<group>";
		};
		EC8D3B691CD1E80E00B01391 /* Products */ = {
			isa = PBXGroup;
			children = (
				EC8D3B681CD1E80E00B01391 /* pokedex-by-Edward.app */,
			);
			name = Products;
			sourceTree = "<group>";
		};
		EC8D3B6A1CD1E80E00B01391 /* pokedex-by-Edward */ = {
			isa = PBXGroup;
			children = (
				EC8D3B891CD37C7E00B01391 /* Controller */,
				EC8D3B881CD37C6500B01391 /* Resources */,
				EC8D3B871CD37C4A00B01391 /* Utils */,
				EC8D3B821CD1FD8300B01391 /* view */,
				EC8D3B7F1CD1ED3C00B01391 /* model */,
				EC8D3B6B1CD1E80E00B01391 /* AppDelegate.swift */,
				EC8D3B6F1CD1E80E00B01391 /* Main.storyboard */,
				EC8D3B721CD1E80E00B01391 /* Assets.xcassets */,
				EC8D3B741CD1E80E00B01391 /* LaunchScreen.storyboard */,
				EC8D3B771CD1E80E00B01391 /* Info.plist */,
			);
			path = "pokedex-by-Edward";
			sourceTree = "<group>";
		};
		EC8D3B7F1CD1ED3C00B01391 /* model */ = {
			isa = PBXGroup;
			children = (
				EC8D3B801CD1ED4D00B01391 /* pokemon.swift */,
			);
			name = model;
			sourceTree = "<group>";
		};
		EC8D3B821CD1FD8300B01391 /* view */ = {
			isa = PBXGroup;
			children = (
				EC8D3B831CD1FDB300B01391 /* pokeCell.swift */,
			);
			name = view;
			sourceTree = "<group>";
		};
		EC8D3B871CD37C4A00B01391 /* Utils */ = {
			isa = PBXGroup;
			children = (
				EC8D3B851CD37B9F00B01391 /* csv.swift */,
				2BE326C91D06BCF500E6D1AF /* Constants.swift */,
			);
			name = Utils;
			path = ..;
			sourceTree = "<group>";
		};
		EC8D3B881CD37C6500B01391 /* Resources */ = {
			isa = PBXGroup;
			children = (
				2B6B9C721CD882B9002323FB /* Pokemon.ttf */,
				EC8D3B7D1CD1EC4E00B01391 /* pokemon.csv */,
			);
			name = Resources;
			sourceTree = "<group>";
		};
		EC8D3B891CD37C7E00B01391 /* Controller */ = {
			isa = PBXGroup;
			children = (
				EC8D3B6D1CD1E80E00B01391 /* ViewController.swift */,
				2BEDBEDB1CFD78BB003561A6 /* PokemonDetailVC.swift */,
			);
			name = Controller;
			sourceTree = "<group>";
		};
/* End PBXGroup section */

/* Begin PBXNativeTarget section */
		EC8D3B671CD1E80E00B01391 /* pokedex-by-Edward */ = {
			isa = PBXNativeTarget;
			buildConfigurationList = EC8D3B7A1CD1E80E00B01391 /* Build configuration list for PBXNativeTarget "pokedex-by-Edward" */;
			buildPhases = (
				C366A96521376B24A04D65DA /* [CP] Check Pods Manifest.lock */,
				EC8D3B641CD1E80E00B01391 /* Sources */,
				EC8D3B651CD1E80E00B01391 /* Frameworks */,
				EC8D3B661CD1E80E00B01391 /* Resources */,
				47C081FBEFE66A6E28F74961 /* [CP] Embed Pods Frameworks */,
				57447A4A6DC2D9692F652167 /* [CP] Copy Pods Resources */,
			);
			buildRules = (
			);
			dependencies = (
			);
			name = "pokedex-by-Edward";
			productName = "pokedex-by-Edward";
			productReference = EC8D3B681CD1E80E00B01391 /* pokedex-by-Edward.app */;
			productType = "com.apple.product-type.application";
		};
/* End PBXNativeTarget section */

/* Begin PBXProject section */
		EC8D3B601CD1E80E00B01391 /* Project object */ = {
			isa = PBXProject;
			attributes = {
				LastSwiftUpdateCheck = 0730;
				LastUpgradeCheck = 0730;
				ORGANIZATIONNAME = edwardWhite;
				TargetAttributes = {
					EC8D3B671CD1E80E00B01391 = {
						CreatedOnToolsVersion = 7.3;
						DevelopmentTeam = 4WM9UX6U5H;
					};
				};
			};
			buildConfigurationList = EC8D3B631CD1E80E00B01391 /* Build configuration list for PBXProject "pokedex-by-Edward" */;
			compatibilityVersion = "Xcode 3.2";
			developmentRegion = English;
			hasScannedForEncodings = 0;
			knownRegions = (
				en,
				Base,
			);
			mainGroup = EC8D3B5F1CD1E80E00B01391;
			productRefGroup = EC8D3B691CD1E80E00B01391 /* Products */;
			projectDirPath = "";
			projectRoot = "";
			targets = (
				EC8D3B671CD1E80E00B01391 /* pokedex-by-Edward */,
			);
		};
/* End PBXProject section */

/* Begin PBXResourcesBuildPhase section */
		EC8D3B661CD1E80E00B01391 /* Resources */ = {
			isa = PBXResourcesBuildPhase;
			buildActionMask = 2147483647;
			files = (
				EC8D3B761CD1E80E00B01391 /* LaunchScreen.storyboard in Resources */,
				2B6B9C731CD882B9002323FB /* Pokemon.ttf in Resources */,
				2BD2E2261CE1D9E1003A61F4 /* music.mp3 in Resources */,
				EC8D3B731CD1E80E00B01391 /* Assets.xcassets in Resources */,
				EC8D3B7E1CD1EC4E00B01391 /* pokemon.csv in Resources */,
				EC8D3B711CD1E80E00B01391 /* Main.storyboard in Resources */,
			);
			runOnlyForDeploymentPostprocessing = 0;
		};
/* End PBXResourcesBuildPhase section */

/* Begin PBXShellScriptBuildPhase section */
		47C081FBEFE66A6E28F74961 /* [CP] Embed Pods Frameworks */ = {
			isa = PBXShellScriptBuildPhase;
			buildActionMask = 2147483647;
			files = (
			);
			inputPaths = (
			);
			name = "[CP] Embed Pods Frameworks";
			outputPaths = (
			);
			runOnlyForDeploymentPostprocessing = 0;
			shellPath = /bin/sh;
			shellScript = "\"${SRCROOT}/Pods/Target Support Files/Pods-pokedex-by-Edward/Pods-pokedex-by-Edward-frameworks.sh\"\n";
			showEnvVarsInLog = 0;
		};
		57447A4A6DC2D9692F652167 /* [CP] Copy Pods Resources */ = {
			isa = PBXShellScriptBuildPhase;
			buildActionMask = 2147483647;
			files = (
			);
			inputPaths = (
			);
			name = "[CP] Copy Pods Resources";
			outputPaths = (
			);
			runOnlyForDeploymentPostprocessing = 0;
			shellPath = /bin/sh;
			shellScript = "\"${SRCROOT}/Pods/Target Support Files/Pods-pokedex-by-Edward/Pods-pokedex-by-Edward-resources.sh\"\n";
			showEnvVarsInLog = 0;
		};
		C366A96521376B24A04D65DA /* [CP] Check Pods Manifest.lock */ = {
			isa = PBXShellScriptBuildPhase;
			buildActionMask = 2147483647;
			files = (
			);
			inputPaths = (
			);
			name = "[CP] Check Pods Manifest.lock";
			outputPaths = (
			);
			runOnlyForDeploymentPostprocessing = 0;
			shellPath = /bin/sh;
			shellScript = "diff \"${PODS_ROOT}/../Podfile.lock\" \"${PODS_ROOT}/Manifest.lock\" > /dev/null\nif [[ $? != 0 ]] ; then\n    cat << EOM\nerror: The sandbox is not in sync with the Podfile.lock. Run 'pod install' or update your CocoaPods installation.\nEOM\n    exit 1\nfi\n";
			showEnvVarsInLog = 0;
		};
/* End PBXShellScriptBuildPhase section */

/* Begin PBXSourcesBuildPhase section */
		EC8D3B641CD1E80E00B01391 /* Sources */ = {
			isa = PBXSourcesBuildPhase;
			buildActionMask = 2147483647;
			files = (
				EC8D3B841CD1FDB300B01391 /* pokeCell.swift in Sources */,
				EC8D3B811CD1ED4D00B01391 /* pokemon.swift in Sources */,
				EC8D3B6E1CD1E80E00B01391 /* ViewController.swift in Sources */,
				2BEDBEDC1CFD78BB003561A6 /* PokemonDetailVC.swift in Sources */,
				2BE326CA1D06BCF500E6D1AF /* Constants.swift in Sources */,
				EC8D3B6C1CD1E80E00B01391 /* AppDelegate.swift in Sources */,
				EC8D3B861CD37B9F00B01391 /* csv.swift in Sources */,
			);
			runOnlyForDeploymentPostprocessing = 0;
		};
/* End PBXSourcesBuildPhase section */

/* Begin PBXVariantGroup section */
		EC8D3B6F1CD1E80E00B01391 /* Main.storyboard */ = {
			isa = PBXVariantGroup;
			children = (
				EC8D3B701CD1E80E00B01391 /* Base */,
			);
			name = Main.storyboard;
			sourceTree = "<group>";
		};
		EC8D3B741CD1E80E00B01391 /* LaunchScreen.storyboard */ = {
			isa = PBXVariantGroup;
			children = (
				EC8D3B751CD1E80E00B01391 /* Base */,
			);
			name = LaunchScreen.storyboard;
			sourceTree = "<group>";
		};
/* End PBXVariantGroup section */

/* Begin XCBuildConfiguration section */
		EC8D3B781CD1E80E00B01391 /* Debug */ = {
			isa = XCBuildConfiguration;
			buildSettings = {
				ALWAYS_SEARCH_USER_PATHS = NO;
				CLANG_ANALYZER_NONNULL = YES;
				CLANG_CXX_LANGUAGE_STANDARD = "gnu++0x";
				CLANG_CXX_LIBRARY = "libc++";
				CLANG_ENABLE_MODULES = YES;
				CLANG_ENABLE_OBJC_ARC = YES;
				CLANG_WARN_BOOL_CONVERSION = YES;
				CLANG_WARN_CONSTANT_CONVERSION = YES;
				CLANG_WARN_DIRECT_OBJC_ISA_USAGE = YES_ERROR;
				CLANG_WARN_EMPTY_BODY = YES;
				CLANG_WARN_ENUM_CONVERSION = YES;
				CLANG_WARN_INT_CONVERSION = YES;
				CLANG_WARN_OBJC_ROOT_CLASS = YES_ERROR;
				CLANG_WARN_UNREACHABLE_CODE = YES;
				CLANG_WARN__DUPLICATE_METHOD_MATCH = YES;
				"CODE_SIGN_IDENTITY[sdk=iphoneos*]" = "iPhone Developer";
				COPY_PHASE_STRIP = NO;
				DEBUG_INFORMATION_FORMAT = dwarf;
				ENABLE_STRICT_OBJC_MSGSEND = YES;
				ENABLE_TESTABILITY = YES;
				GCC_C_LANGUAGE_STANDARD = gnu99;
				GCC_DYNAMIC_NO_PIC = NO;
				GCC_NO_COMMON_BLOCKS = YES;
				GCC_OPTIMIZATION_LEVEL = 0;
				GCC_PREPROCESSOR_DEFINITIONS = (
					"DEBUG=1",
					"$(inherited)",
				);
				GCC_WARN_64_TO_32_BIT_CONVERSION = YES;
				GCC_WARN_ABOUT_RETURN_TYPE = YES_ERROR;
				GCC_WARN_UNDECLARED_SELECTOR = YES;
				GCC_WARN_UNINITIALIZED_AUTOS = YES_AGGRESSIVE;
				GCC_WARN_UNUSED_FUNCTION = YES;
				GCC_WARN_UNUSED_VARIABLE = YES;
				IPHONEOS_DEPLOYMENT_TARGET = 9.3;
				MTL_ENABLE_DEBUG_INFO = YES;
				ONLY_ACTIVE_ARCH = YES;
				SDKROOT = iphoneos;
				SWIFT_OPTIMIZATION_LEVEL = "-Onone";
				TARGETED_DEVICE_FAMILY = "1,2";
			};
			name = Debug;
		};
		EC8D3B791CD1E80E00B01391 /* Release */ = {
			isa = XCBuildConfiguration;
			buildSettings = {
				ALWAYS_SEARCH_USER_PATHS = NO;
				CLANG_ANALYZER_NONNULL = YES;
				CLANG_CXX_LANGUAGE_STANDARD = "gnu++0x";
				CLANG_CXX_LIBRARY = "libc++";
				CLANG_ENABLE_MODULES = YES;
				CLANG_ENABLE_OBJC_ARC = YES;
				CLANG_WARN_BOOL_CONVERSION = YES;
				CLANG_WARN_CONSTANT_CONVERSION = YES;
				CLANG_WARN_DIRECT_OBJC_ISA_USAGE = YES_ERROR;
				CLANG_WARN_EMPTY_BODY = YES;
				CLANG_WARN_ENUM_CONVERSION = YES;
				CLANG_WARN_INT_CONVERSION = YES;
				CLANG_WARN_OBJC_ROOT_CLASS = YES_ERROR;
				CLANG_WARN_UNREACHABLE_CODE = YES;
				CLANG_WARN__DUPLICATE_METHOD_MATCH = YES;
				"CODE_SIGN_IDENTITY[sdk=iphoneos*]" = "iPhone Developer";
				COPY_PHASE_STRIP = NO;
				DEBUG_INFORMATION_FORMAT = "dwarf-with-dsym";
				ENABLE_NS_ASSERTIONS = NO;
				ENABLE_STRICT_OBJC_MSGSEND = YES;
				GCC_C_LANGUAGE_STANDARD = gnu99;
				GCC_NO_COMMON_BLOCKS = YES;
				GCC_WARN_64_TO_32_BIT_CONVERSION = YES;
				GCC_WARN_ABOUT_RETURN_TYPE = YES_ERROR;
				GCC_WARN_UNDECLARED_SELECTOR = YES;
				GCC_WARN_UNINITIALIZED_AUTOS = YES_AGGRESSIVE;
				GCC_WARN_UNUSED_FUNCTION = YES;
				GCC_WARN_UNUSED_VARIABLE = YES;
				IPHONEOS_DEPLOYMENT_TARGET = 9.3;
				MTL_ENABLE_DEBUG_INFO = NO;
				SDKROOT = iphoneos;
				TARGETED_DEVICE_FAMILY = "1,2";
				VALIDATE_PRODUCT = YES;
			};
			name = Release;
		};
		EC8D3B7B1CD1E80E00B01391 /* Debug */ = {
			isa = XCBuildConfiguration;
			baseConfigurationReference = 9962E8CAC82B3F0C2E42DB0C /* Pods-pokedex-by-Edward.debug.xcconfig */;
			buildSettings = {
				ASSETCATALOG_COMPILER_APPICON_NAME = AppIcon;
				INFOPLIST_FILE = "pokedex-by-Edward/Info.plist";
				LD_RUNPATH_SEARCH_PATHS = "$(inherited) @executable_path/Frameworks";
				PRODUCT_BUNDLE_IDENTIFIER = "com.edwardwhite.pokedex-by-Edward";
				PRODUCT_NAME = "$(TARGET_NAME)";
			};
			name = Debug;
		};
		EC8D3B7C1CD1E80E00B01391 /* Release */ = {
			isa = XCBuildConfiguration;
			baseConfigurationReference = D87B51A8908325E3527C0B2F /* Pods-pokedex-by-Edward.release.xcconfig */;
			buildSettings = {
				ASSETCATALOG_COMPILER_APPICON_NAME = AppIcon;
				INFOPLIST_FILE = "pokedex-by-Edward/Info.plist";
				LD_RUNPATH_SEARCH_PATHS = "$(inherited) @executable_path/Frameworks";
				PRODUCT_BUNDLE_IDENTIFIER = "com.edwardwhite.pokedex-by-Edward";
				PRODUCT_NAME = "$(TARGET_NAME)";
			};
			name = Release;
		};
/* End XCBuildConfiguration section */

/* Begin XCConfigurationList section */
		EC8D3B631CD1E80E00B01391 /* Build configuration list for PBXProject "pokedex-by-Edward" */ = {
			isa = XCConfigurationList;
			buildConfigurations = (
				EC8D3B781CD1E80E00B01391 /* Debug */,
				EC8D3B791CD1E80E00B01391 /* Release */,
			);
			defaultConfigurationIsVisible = 0;
			defaultConfigurationName = Release;
		};
		EC8D3B7A1CD1E80E00B01391 /* Build configuration list for PBXNativeTarget "pokedex-by-Edward" */ = {
			isa = XCConfigurationList;
			buildConfigurations = (
				EC8D3B7B1CD1E80E00B01391 /* Debug */,
				EC8D3B7C1CD1E80E00B01391 /* Release */,
			);
			defaultConfigurationIsVisible = 0;
			defaultConfigurationName = Release;
		};
/* End XCConfigurationList section */
	};
	rootObject = EC8D3B601CD1E80E00B01391 /* Project object */;
}
